
Microsoft Visual Studio Solution File, Format Version 12.00
# Visual Studio Version 17
VisualStudioVersion = 17.8.34309.116
MinimumVisualStudioVersion = 10.0.40219.1
Project("{9A19103F-16F7-4668-BE54-9A1E7A4F7556}") = "Adapter", "Adapter\Adapter.csproj", "{4D585C84-738E-46EA-AF89-C321E713CF8F}"
EndProject
Project("{9A19103F-16F7-4668-BE54-9A1E7A4F7556}") = "Decorator", "Decorator\Decorator.csproj", "{A39238BE-5A9B-4832-AF03-004B092AC400}"
EndProject
Project("{9A19103F-16F7-4668-BE54-9A1E7A4F7556}") = "Bridge", "Bridge\Bridge.csproj", "{82FD972F-4183-43A0-80A4-5340ED61B5F9}"
EndProject
Project("{9A19103F-16F7-4668-BE54-9A1E7A4F7556}") = "Tests", "Tests\Tests.csproj", "{CD2038AD-01EC-4CB3-B3BF-97C1F3E94AA1}"
EndProject
Project("{9A19103F-16F7-4668-BE54-9A1E7A4F7556}") = "Proxy", "Proxy\Proxy.csproj", "{53E0BFB1-7257-4A13-9C3F-51D341FFF4C3}"
EndProject
Project("{FAE04EC0-301F-11D3-BF4B-00C04F79EFBC}") = "Composite", "Composite\Composite.csproj", "{683AAAD3-B1C1-416E-AE52-A65B4CF76B64}"
EndProject
Project("{FAE04EC0-301F-11D3-BF4B-00C04F79EFBC}") = "Flyweight", "Flyweight\Flyweight.csproj", "{1AF22A86-3B11-44B0-B41C-B5538E6E7742}"
EndProject
Global
	GlobalSection(SolutionConfigurationPlatforms) = preSolution
		Debug|Any CPU = Debug|Any CPU
		Release|Any CPU = Release|Any CPU
	EndGlobalSection
	GlobalSection(ProjectConfigurationPlatforms) = postSolution
		{4D585C84-738E-46EA-AF89-C321E713CF8F}.Debug|Any CPU.ActiveCfg = Debug|Any CPU
		{4D585C84-738E-46EA-AF89-C321E713CF8F}.Debug|Any CPU.Build.0 = Debug|Any CPU
		{4D585C84-738E-46EA-AF89-C321E713CF8F}.Release|Any CPU.ActiveCfg = Release|Any CPU
		{4D585C84-738E-46EA-AF89-C321E713CF8F}.Release|Any CPU.Build.0 = Release|Any CPU
		{A39238BE-5A9B-4832-AF03-004B092AC400}.Debug|Any CPU.ActiveCfg = Debug|Any CPU
		{A39238BE-5A9B-4832-AF03-004B092AC400}.Debug|Any CPU.Build.0 = Debug|Any CPU
		{A39238BE-5A9B-4832-AF03-004B092AC400}.Release|Any CPU.ActiveCfg = Release|Any CPU
		{A39238BE-5A9B-4832-AF03-004B092AC400}.Release|Any CPU.Build.0 = Release|Any CPU
		{82FD972F-4183-43A0-80A4-5340ED61B5F9}.Debug|Any CPU.ActiveCfg = Debug|Any CPU
		{82FD972F-4183-43A0-80A4-5340ED61B5F9}.Debug|Any CPU.Build.0 = Debug|Any CPU
		{82FD972F-4183-43A0-80A4-5340ED61B5F9}.Release|Any CPU.ActiveCfg = Release|Any CPU
		{82FD972F-4183-43A0-80A4-5340ED61B5F9}.Release|Any CPU.Build.0 = Release|Any CPU
		{CD2038AD-01EC-4CB3-B3BF-97C1F3E94AA1}.Debug|Any CPU.ActiveCfg = Debug|Any CPU
		{CD2038AD-01EC-4CB3-B3BF-97C1F3E94AA1}.Debug|Any CPU.Build.0 = Debug|Any CPU
		{CD2038AD-01EC-4CB3-B3BF-97C1F3E94AA1}.Release|Any CPU.ActiveCfg = Release|Any CPU
		{CD2038AD-01EC-4CB3-B3BF-97C1F3E94AA1}.Release|Any CPU.Build.0 = Release|Any CPU
		{53E0BFB1-7257-4A13-9C3F-51D341FFF4C3}.Debug|Any CPU.ActiveCfg = Debug|Any CPU
		{53E0BFB1-7257-4A13-9C3F-51D341FFF4C3}.Debug|Any CPU.Build.0 = Debug|Any CPU
		{53E0BFB1-7257-4A13-9C3F-51D341FFF4C3}.Release|Any CPU.ActiveCfg = Release|Any CPU
		{53E0BFB1-7257-4A13-9C3F-51D341FFF4C3}.Release|Any CPU.Build.0 = Release|Any CPU
		{683AAAD3-B1C1-416E-AE52-A65B4CF76B64}.Debug|Any CPU.ActiveCfg = Debug|Any CPU
		{683AAAD3-B1C1-416E-AE52-A65B4CF76B64}.Debug|Any CPU.Build.0 = Debug|Any CPU
		{683AAAD3-B1C1-416E-AE52-A65B4CF76B64}.Release|Any CPU.ActiveCfg = Release|Any CPU
		{683AAAD3-B1C1-416E-AE52-A65B4CF76B64}.Release|Any CPU.Build.0 = Release|Any CPU
		{1AF22A86-3B11-44B0-B41C-B5538E6E7742}.Debug|Any CPU.ActiveCfg = Debug|Any CPU
		{1AF22A86-3B11-44B0-B41C-B5538E6E7742}.Debug|Any CPU.Build.0 = Debug|Any CPU
		{1AF22A86-3B11-44B0-B41C-B5538E6E7742}.Release|Any CPU.ActiveCfg = Release|Any CPU
		{1AF22A86-3B11-44B0-B41C-B5538E6E7742}.Release|Any CPU.Build.0 = Release|Any CPU
	EndGlobalSection
	GlobalSection(SolutionProperties) = preSolution
		HideSolutionNode = FALSE
	EndGlobalSection
	GlobalSection(ExtensibilityGlobals) = postSolution
		SolutionGuid = {8A606025-9D3D-426C-9B33-6568043A3FA7}
	EndGlobalSection
EndGlobal
